
Microsoft Visual Studio Solution File, Format Version 12.00
# Visual Studio Version 17
VisualStudioVersion = 17.7.34024.191
MinimumVisualStudioVersion = 10.0.40219.1
Project("{FAE04EC0-301F-11D3-BF4B-00C04F79EFBC}") = "EcommerceMVC", "EcommerceMVC\EcommerceMVC.csproj", "{B946E405-4D8D-47FC-8737-1FE3B71B340C}"
EndProject
Global
	GlobalSection(SolutionConfigurationPlatforms) = preSolution
		Debug|Any CPU = Debug|Any CPU
		Release|Any CPU = Release|Any CPU
	EndGlobalSection
	GlobalSection(ProjectConfigurationPlatforms) = postSolution
		{B946E405-4D8D-47FC-8737-1FE3B71B340C}.Debug|Any CPU.ActiveCfg = Debug|Any CPU
		{B946E405-4D8D-47FC-8737-1FE3B71B340C}.Debug|Any CPU.Build.0 = Debug|Any CPU
		{B946E405-4D8D-47FC-8737-1FE3B71B340C}.Release|Any CPU.ActiveCfg = Release|Any CPU
		{B946E405-4D8D-47FC-8737-1FE3B71B340C}.Release|Any CPU.Build.0 = Release|Any CPU
	EndGlobalSection
	GlobalSection(SolutionProperties) = preSolution
		HideSolutionNode = FALSE
	EndGlobalSection
	GlobalSection(ExtensibilityGlobals) = postSolution
		SolutionGuid = {FC94B790-044E-48C2-8F80-71804944F214}
	EndGlobalSection
EndGlobal
